{
    "_meta": {
        "hash": {
            "sha256": "14d6289c974f8ac06ae977b6e699c14366afc9f59f43012f19f7259fb0393a8a"
        },
        "pipfile-spec": 6,
        "requires": {
            "python_version": "3.11"
        },
        "sources": [
            {
                "name": "pypi",
                "url": "https://pypi.org/simple",
                "verify_ssl": true
            }
        ]
    },
    "default": {
        "mariadb": {
            "hashes": [
                "sha256:03d6284ef713d1cad40146576a4cc2d6cbc1662060f2a0e59b174e1694521698",
                "sha256:1ce87971c02375236ff8933e6c593c748e7b2f2950b86eabfab4289fd250ea63",
                "sha256:1d81b22efbaaf4c5bc5e4cc4e2ef3c459538c1a939371089d8c5591d6f26a62e",
                "sha256:29040e426f877ddc45f337c6eb381b6bbab63cc6bf8431a28effe30162142513",
                "sha256:4521aa721f926946bd71491f872e8babc78fa97755ed2114f5684b77363107cb",
                "sha256:49200378c614984f5ec875481662a49d7c97c2be27970b01b32fa4b7520d4e22",
                "sha256:5d652117e2fdf12b9723e7452a05fce9e6ccbae6ea48871b21a3a8fde259dc48",
                "sha256:8c8c6b27486b0e1772a23002c702b5fd244eecf9f05633dd6cb345fc26755a20",
                "sha256:a332893e3ef7ceb7970ab4bd7c844bcb4bd68a051ca51313566f9808d7411f2d",
                "sha256:d7b09ec4abd02ed235257feb769f90cd4066e8f536b55b92f5166103d5b66a63",
                "sha256:dff8b28ce4044574870d7bdd2d9f9f5da8e5f95a7ff6d226185db733060d1a93"
            ],
            "index": "pypi",
            "markers": "python_version >= '3.8'",
            "version": "==1.1.10"
        },
        "packaging": {
            "hashes": [
                "sha256:2ddfb553fdf02fb784c234c7ba6ccc288296ceabec964ad2eae3777778130bc5",
                "sha256:eb82c5e3e56209074766e6885bb04b8c38a0c015d0a30036ebe7ece34c9989e9"
            ],
            "markers": "python_version >= '3.7'",
            "version": "==24.0"
        }
    },
    "develop": {}
}
